{
  "requires": true,
  "lockfileVersion": 1,
  "dependencies": {
    "now": {
      "version": "15.0.3",
      "resolved": "https://registry.npmjs.org/now/-/now-15.0.3.tgz",
      "integrity": "sha512-fbvgxX934odHavABfXV4dnejY2Q1robSbT/cqO2gckeqRyRXxQRLC1XWaEMXEvbdpIrNXgabDpd6a6rAXw+mfg=="
    }
  }
}
